
Microsoft Visual Studio Solution File, Format Version 12.00
# Visual Studio Version 17
VisualStudioVersion = 17.11.35303.130
MinimumVisualStudioVersion = 10.0.40219.1
Project("{2150E333-8FDC-42A3-9474-1A3956D46DE8}") = "Task0", "Task0", "{BE730E7E-12EE-434B-A346-8481365231C0}"
EndProject
Project("{9A19103F-16F7-4668-BE54-9A1E7A4F7556}") = "Tyuiu.MitinNV.Sprint1.Task0.V5", "Tyuiu.MitinNV.Sprint1.Task0.V5\Tyuiu.MitinNV.Sprint1.Task0.V5.csproj", "{6775D952-1439-44ED-A55D-F2A743AA8F8D}"
EndProject
Project("{9A19103F-16F7-4668-BE54-9A1E7A4F7556}") = "Tyuiu.MitinNV.Sprint1.Task0.V5.Lib", "Tyuiu.MitinNV.Sprint1.Task0.V5.Lib\Tyuiu.MitinNV.Sprint1.Task0.V5.Lib.csproj", "{6C735786-3DF7-4514-92D4-34785495FAE5}"
EndProject
Project("{9A19103F-16F7-4668-BE54-9A1E7A4F7556}") = "Tyuiu.MitinNV.Sprint1.Task0.V5.Test", "Tyuiu.MitinNV.Sprint1.Task0.V5.Test\Tyuiu.MitinNV.Sprint1.Task0.V5.Test.csproj", "{117954CA-E563-4347-AC8B-C896E46AB8E7}"
EndProject
Project("{9A19103F-16F7-4668-BE54-9A1E7A4F7556}") = "Tyuiu.MitinNV.Sprint1.Task1.V27.Lib", "Tyuiu.MitinNV.Sprint1.Task1.V27.Lib\Tyuiu.MitinNV.Sprint1.Task1.V27.Lib.csproj", "{C82D033C-B4C8-4391-91B7-73F4E58912B0}"
EndProject
Project("{9A19103F-16F7-4668-BE54-9A1E7A4F7556}") = "Tyuiu.MitinNV.Sprint1.Task1.V27", "Tyuiu.MitinNV.Sprint1.Task1.V27\Tyuiu.MitinNV.Sprint1.Task1.V27.csproj", "{962E5DE7-E9F1-4E5E-AEE5-889CB3E61D5F}"
EndProject
Project("{9A19103F-16F7-4668-BE54-9A1E7A4F7556}") = "Tyuiu.MitinNV.Sprint1.Task1.V27.Test", "Tyuiu.MitinNV.Sprint1.Task1.V27.Test\Tyuiu.MitinNV.Sprint1.Task1.V27.Test.csproj", "{264FB1BA-2865-40D0-B7DB-DBDA11EBED6C}"
EndProject
Project("{2150E333-8FDC-42A3-9474-1A3956D46DE8}") = "Task1", "Task1", "{E79BEE45-6369-43C5-9B3D-DC1D979DEBFD}"
EndProject
Global
	GlobalSection(SolutionConfigurationPlatforms) = preSolution
		Debug|Any CPU = Debug|Any CPU
		Release|Any CPU = Release|Any CPU
	EndGlobalSection
	GlobalSection(ProjectConfigurationPlatforms) = postSolution
		{6775D952-1439-44ED-A55D-F2A743AA8F8D}.Debug|Any CPU.ActiveCfg = Debug|Any CPU
		{6775D952-1439-44ED-A55D-F2A743AA8F8D}.Debug|Any CPU.Build.0 = Debug|Any CPU
		{6775D952-1439-44ED-A55D-F2A743AA8F8D}.Release|Any CPU.ActiveCfg = Release|Any CPU
		{6775D952-1439-44ED-A55D-F2A743AA8F8D}.Release|Any CPU.Build.0 = Release|Any CPU
		{6C735786-3DF7-4514-92D4-34785495FAE5}.Debug|Any CPU.ActiveCfg = Debug|Any CPU
		{6C735786-3DF7-4514-92D4-34785495FAE5}.Debug|Any CPU.Build.0 = Debug|Any CPU
		{6C735786-3DF7-4514-92D4-34785495FAE5}.Release|Any CPU.ActiveCfg = Release|Any CPU
		{6C735786-3DF7-4514-92D4-34785495FAE5}.Release|Any CPU.Build.0 = Release|Any CPU
		{117954CA-E563-4347-AC8B-C896E46AB8E7}.Debug|Any CPU.ActiveCfg = Debug|Any CPU
		{117954CA-E563-4347-AC8B-C896E46AB8E7}.Debug|Any CPU.Build.0 = Debug|Any CPU
		{117954CA-E563-4347-AC8B-C896E46AB8E7}.Release|Any CPU.ActiveCfg = Release|Any CPU
		{117954CA-E563-4347-AC8B-C896E46AB8E7}.Release|Any CPU.Build.0 = Release|Any CPU
		{C82D033C-B4C8-4391-91B7-73F4E58912B0}.Debug|Any CPU.ActiveCfg = Debug|Any CPU
		{C82D033C-B4C8-4391-91B7-73F4E58912B0}.Debug|Any CPU.Build.0 = Debug|Any CPU
		{C82D033C-B4C8-4391-91B7-73F4E58912B0}.Release|Any CPU.ActiveCfg = Release|Any CPU
		{C82D033C-B4C8-4391-91B7-73F4E58912B0}.Release|Any CPU.Build.0 = Release|Any CPU
		{962E5DE7-E9F1-4E5E-AEE5-889CB3E61D5F}.Debug|Any CPU.ActiveCfg = Debug|Any CPU
		{962E5DE7-E9F1-4E5E-AEE5-889CB3E61D5F}.Debug|Any CPU.Build.0 = Debug|Any CPU
		{962E5DE7-E9F1-4E5E-AEE5-889CB3E61D5F}.Release|Any CPU.ActiveCfg = Release|Any CPU
		{962E5DE7-E9F1-4E5E-AEE5-889CB3E61D5F}.Release|Any CPU.Build.0 = Release|Any CPU
		{264FB1BA-2865-40D0-B7DB-DBDA11EBED6C}.Debug|Any CPU.ActiveCfg = Debug|Any CPU
		{264FB1BA-2865-40D0-B7DB-DBDA11EBED6C}.Debug|Any CPU.Build.0 = Debug|Any CPU
		{264FB1BA-2865-40D0-B7DB-DBDA11EBED6C}.Release|Any CPU.ActiveCfg = Release|Any CPU
		{264FB1BA-2865-40D0-B7DB-DBDA11EBED6C}.Release|Any CPU.Build.0 = Release|Any CPU
	EndGlobalSection
	GlobalSection(SolutionProperties) = preSolution
		HideSolutionNode = FALSE
	EndGlobalSection
	GlobalSection(NestedProjects) = preSolution
		{6775D952-1439-44ED-A55D-F2A743AA8F8D} = {BE730E7E-12EE-434B-A346-8481365231C0}
		{6C735786-3DF7-4514-92D4-34785495FAE5} = {BE730E7E-12EE-434B-A346-8481365231C0}
		{117954CA-E563-4347-AC8B-C896E46AB8E7} = {BE730E7E-12EE-434B-A346-8481365231C0}
		{C82D033C-B4C8-4391-91B7-73F4E58912B0} = {E79BEE45-6369-43C5-9B3D-DC1D979DEBFD}
		{962E5DE7-E9F1-4E5E-AEE5-889CB3E61D5F} = {E79BEE45-6369-43C5-9B3D-DC1D979DEBFD}
		{264FB1BA-2865-40D0-B7DB-DBDA11EBED6C} = {E79BEE45-6369-43C5-9B3D-DC1D979DEBFD}
	EndGlobalSection
	GlobalSection(ExtensibilityGlobals) = postSolution
		SolutionGuid = {29624A6B-7100-42FF-9EEF-98986500DCAB}
	EndGlobalSection
EndGlobal
