
Microsoft Visual Studio Solution File, Format Version 12.00
# Visual Studio Version 17
VisualStudioVersion = 17.11.35303.130
MinimumVisualStudioVersion = 10.0.40219.1
Project("{2150E333-8FDC-42A3-9474-1A3956D46DE8}") = "Task0", "Task0", "{BE730E7E-12EE-434B-A346-8481365231C0}"
EndProject
Project("{9A19103F-16F7-4668-BE54-9A1E7A4F7556}") = "Tyuiu.MitinNV.Sprint1.Task0.V5", "Tyuiu.MitinNV.Sprint1.Task0.V5\Tyuiu.MitinNV.Sprint1.Task0.V5.csproj", "{6775D952-1439-44ED-A55D-F2A743AA8F8D}"
EndProject
Project("{9A19103F-16F7-4668-BE54-9A1E7A4F7556}") = "Tyuiu.MitinNV.Sprint1.Task0.V5.Lib", "Tyuiu.MitinNV.Sprint1.Task0.V5.Lib\Tyuiu.MitinNV.Sprint1.Task0.V5.Lib.csproj", "{6C735786-3DF7-4514-92D4-34785495FAE5}"
EndProject
Project("{9A19103F-16F7-4668-BE54-9A1E7A4F7556}") = "Tyuiu.MitinNV.Sprint1.Task0.V5.Test", "Tyuiu.MitinNV.Sprint1.Task0.V5.Test\Tyuiu.MitinNV.Sprint1.Task0.V5.Test.csproj", "{117954CA-E563-4347-AC8B-C896E46AB8E7}"
EndProject
Project("{9A19103F-16F7-4668-BE54-9A1E7A4F7556}") = "Tyuiu.MitinNV.Sprint1.Task1.V27.Lib", "Tyuiu.MitinNV.Sprint1.Task1.V27.Lib\Tyuiu.MitinNV.Sprint1.Task1.V27.Lib.csproj", "{C82D033C-B4C8-4391-91B7-73F4E58912B0}"
EndProject
Project("{9A19103F-16F7-4668-BE54-9A1E7A4F7556}") = "Tyuiu.MitinNV.Sprint1.Task1.V27", "Tyuiu.MitinNV.Sprint1.Task1.V27\Tyuiu.MitinNV.Sprint1.Task1.V27.csproj", "{962E5DE7-E9F1-4E5E-AEE5-889CB3E61D5F}"
EndProject
Project("{9A19103F-16F7-4668-BE54-9A1E7A4F7556}") = "Tyuiu.MitinNV.Sprint1.Task1.V27.Test", "Tyuiu.MitinNV.Sprint1.Task1.V27.Test\Tyuiu.MitinNV.Sprint1.Task1.V27.Test.csproj", "{264FB1BA-2865-40D0-B7DB-DBDA11EBED6C}"
EndProject
Project("{2150E333-8FDC-42A3-9474-1A3956D46DE8}") = "Task1", "Task1", "{E79BEE45-6369-43C5-9B3D-DC1D979DEBFD}"
EndProject
Project("{9A19103F-16F7-4668-BE54-9A1E7A4F7556}") = "Tyuiu.MitinNV.Sprint1.Task2.V28.Lib", "Tyuiu.MitinNV.Sprint1.Task2.V28.Lib\Tyuiu.MitinNV.Sprint1.Task2.V28.Lib.csproj", "{6DA1E971-1D7E-4687-9D80-8F9468772B87}"
EndProject
Project("{9A19103F-16F7-4668-BE54-9A1E7A4F7556}") = "Tyuiu.MitinNV.Sprint1.Task2.V28", "Tyuiu.MitinNV.Sprint1.Task2.V28\Tyuiu.MitinNV.Sprint1.Task2.V28.csproj", "{865A9AA5-60AC-440C-A41B-0208D73714B5}"
EndProject
Project("{9A19103F-16F7-4668-BE54-9A1E7A4F7556}") = "Tyuiu.MitinNV.Sprint1.Task2.V28.Test", "Tyuiu.MitinNV.Sprint1.Task2.V28.Test\Tyuiu.MitinNV.Sprint1.Task2.V28.Test.csproj", "{D888D21E-412F-41E8-81A7-EC991AAECCED}"
EndProject
Project("{2150E333-8FDC-42A3-9474-1A3956D46DE8}") = "Task2", "Task2", "{21A7CF2B-79D4-4A69-B0F3-005DB8A7D664}"
EndProject
Project("{2150E333-8FDC-42A3-9474-1A3956D46DE8}") = "Task3", "Task3", "{8E54E4F6-13D5-428D-B2C7-E51E5493250C}"
EndProject
Project("{9A19103F-16F7-4668-BE54-9A1E7A4F7556}") = "Tyuiu.MitinNV.Sprint1.Task3.V18.Lib", "Tyuiu.MitinNV.Sprint1.Task3.V18.Lib\Tyuiu.MitinNV.Sprint1.Task3.V18.Lib.csproj", "{0B00D2C3-B66E-49C0-9916-9216682D667A}"
EndProject
Project("{9A19103F-16F7-4668-BE54-9A1E7A4F7556}") = "Tyuiu.MitinNV.Sprint1.Task3.V18", "Tyuiu.MitinNV.Sprint1.Task3.V18\Tyuiu.MitinNV.Sprint1.Task3.V18.csproj", "{0CB85E44-8F8C-4514-8992-DA093ACCE88C}"
EndProject
Project("{9A19103F-16F7-4668-BE54-9A1E7A4F7556}") = "Tyuiu.MitinNV.Sprint1.Task3.V18.Test", "Tyuiu.MitinNV.Sprint1.Task3.V18.Test\Tyuiu.MitinNV.Sprint1.Task3.V18.Test.csproj", "{980986A1-0468-428B-89A5-A9E252E0F79E}"
EndProject
Project("{FAE04EC0-301F-11D3-BF4B-00C04F79EFBC}") = "Tyuiu.MitinNV.Sprint1.Task4.V25.Lib", "Tyuiu.MitinNV.Sprint1.Task4.V25.Lib\Tyuiu.MitinNV.Sprint1.Task4.V25.Lib.csproj", "{7EA63755-D954-4135-9F36-E251FFA84E5B}"
EndProject
Project("{FAE04EC0-301F-11D3-BF4B-00C04F79EFBC}") = "Tyuiu.MitinNV.Sprint1.Task4.V25", "Tyuiu.MitinNV.Sprint1.Task4.V25\Tyuiu.MitinNV.Sprint1.Task4.V25.csproj", "{0CDEF8E2-7EB8-4E0C-8CD4-7F704105C01D}"
EndProject
Project("{FAE04EC0-301F-11D3-BF4B-00C04F79EFBC}") = "Tyuiu.MitinNV.Sprint1.Task4.V25.Test", "Tyuiu.MitinNV.Sprint1.Task4.V25.Test\Tyuiu.MitinNV.Sprint1.Task4.V25.Test.csproj", "{E65D13C4-0402-48D3-996F-1AC986AF4472}"
EndProject
Project("{FAE04EC0-301F-11D3-BF4B-00C04F79EFBC}") = "Tyuiu.MitinNV.Sprint1.Task5.V2.Lib", "Tyuiu.MitinNV.Sprint1.Task5.V2.Lib\Tyuiu.MitinNV.Sprint1.Task5.V2.Lib.csproj", "{2BA554A6-93E8-466D-985B-0E7D91EBE47B}"
EndProject
Project("{FAE04EC0-301F-11D3-BF4B-00C04F79EFBC}") = "Tyuiu.MitinNV.Sprint1.Task5.V2", "Tyuiu.MitinNV.Sprint1.Task5.V2\Tyuiu.MitinNV.Sprint1.Task5.V2.csproj", "{E8EF8621-6209-47B4-87B6-DFDD185A79C5}"
EndProject
Project("{FAE04EC0-301F-11D3-BF4B-00C04F79EFBC}") = "Tyuiu.MitinNV.Sprint1.Task5.V2.Test", "Tyuiu.MitinNV.Sprint1.Task5.V2.Test\Tyuiu.MitinNV.Sprint1.Task5.V2.Test.csproj", "{FBA1DD25-F954-4134-8D6F-39457EF01BB9}"
EndProject
Project("{FAE04EC0-301F-11D3-BF4B-00C04F79EFBC}") = "Tyuiu.MitinNV.Sprint1.Task6.V4.Lib", "Tyuiu.MitinNV.Sprint1.Task6.V4.Lib\Tyuiu.MitinNV.Sprint1.Task6.V4.Lib.csproj", "{63320C7D-9FE5-40B0-B073-49F493858A10}"
EndProject
Project("{FAE04EC0-301F-11D3-BF4B-00C04F79EFBC}") = "Tyuiu.MitinNV.Sprint1.Task6.V4", "Tyuiu.MitinNV.Sprint1.Task6.V4\Tyuiu.MitinNV.Sprint1.Task6.V4.csproj", "{9BB47F0E-DE19-4013-BCAB-98919EDEA792}"
EndProject
Project("{FAE04EC0-301F-11D3-BF4B-00C04F79EFBC}") = "Tyuiu.MitinNV.Sprint1.Task6.V4.Test", "Tyuiu.MitinNV.Sprint1.Task6.V4.Test\Tyuiu.MitinNV.Sprint1.Task6.V4.Test.csproj", "{EB000912-7A93-4AEA-BD4A-51E9000708C8}"
EndProject
Global
	GlobalSection(SolutionConfigurationPlatforms) = preSolution
		Debug|Any CPU = Debug|Any CPU
		Release|Any CPU = Release|Any CPU
	EndGlobalSection
	GlobalSection(ProjectConfigurationPlatforms) = postSolution
		{6775D952-1439-44ED-A55D-F2A743AA8F8D}.Debug|Any CPU.ActiveCfg = Debug|Any CPU
		{6775D952-1439-44ED-A55D-F2A743AA8F8D}.Debug|Any CPU.Build.0 = Debug|Any CPU
		{6775D952-1439-44ED-A55D-F2A743AA8F8D}.Release|Any CPU.ActiveCfg = Release|Any CPU
		{6775D952-1439-44ED-A55D-F2A743AA8F8D}.Release|Any CPU.Build.0 = Release|Any CPU
		{6C735786-3DF7-4514-92D4-34785495FAE5}.Debug|Any CPU.ActiveCfg = Debug|Any CPU
		{6C735786-3DF7-4514-92D4-34785495FAE5}.Debug|Any CPU.Build.0 = Debug|Any CPU
		{6C735786-3DF7-4514-92D4-34785495FAE5}.Release|Any CPU.ActiveCfg = Release|Any CPU
		{6C735786-3DF7-4514-92D4-34785495FAE5}.Release|Any CPU.Build.0 = Release|Any CPU
		{117954CA-E563-4347-AC8B-C896E46AB8E7}.Debug|Any CPU.ActiveCfg = Debug|Any CPU
		{117954CA-E563-4347-AC8B-C896E46AB8E7}.Debug|Any CPU.Build.0 = Debug|Any CPU
		{117954CA-E563-4347-AC8B-C896E46AB8E7}.Release|Any CPU.ActiveCfg = Release|Any CPU
		{117954CA-E563-4347-AC8B-C896E46AB8E7}.Release|Any CPU.Build.0 = Release|Any CPU
		{C82D033C-B4C8-4391-91B7-73F4E58912B0}.Debug|Any CPU.ActiveCfg = Debug|Any CPU
		{C82D033C-B4C8-4391-91B7-73F4E58912B0}.Debug|Any CPU.Build.0 = Debug|Any CPU
		{C82D033C-B4C8-4391-91B7-73F4E58912B0}.Release|Any CPU.ActiveCfg = Release|Any CPU
		{C82D033C-B4C8-4391-91B7-73F4E58912B0}.Release|Any CPU.Build.0 = Release|Any CPU
		{962E5DE7-E9F1-4E5E-AEE5-889CB3E61D5F}.Debug|Any CPU.ActiveCfg = Debug|Any CPU
		{962E5DE7-E9F1-4E5E-AEE5-889CB3E61D5F}.Debug|Any CPU.Build.0 = Debug|Any CPU
		{962E5DE7-E9F1-4E5E-AEE5-889CB3E61D5F}.Release|Any CPU.ActiveCfg = Release|Any CPU
		{962E5DE7-E9F1-4E5E-AEE5-889CB3E61D5F}.Release|Any CPU.Build.0 = Release|Any CPU
		{264FB1BA-2865-40D0-B7DB-DBDA11EBED6C}.Debug|Any CPU.ActiveCfg = Debug|Any CPU
		{264FB1BA-2865-40D0-B7DB-DBDA11EBED6C}.Debug|Any CPU.Build.0 = Debug|Any CPU
		{264FB1BA-2865-40D0-B7DB-DBDA11EBED6C}.Release|Any CPU.ActiveCfg = Release|Any CPU
		{264FB1BA-2865-40D0-B7DB-DBDA11EBED6C}.Release|Any CPU.Build.0 = Release|Any CPU
		{6DA1E971-1D7E-4687-9D80-8F9468772B87}.Debug|Any CPU.ActiveCfg = Debug|Any CPU
		{6DA1E971-1D7E-4687-9D80-8F9468772B87}.Debug|Any CPU.Build.0 = Debug|Any CPU
		{6DA1E971-1D7E-4687-9D80-8F9468772B87}.Release|Any CPU.ActiveCfg = Release|Any CPU
		{6DA1E971-1D7E-4687-9D80-8F9468772B87}.Release|Any CPU.Build.0 = Release|Any CPU
		{865A9AA5-60AC-440C-A41B-0208D73714B5}.Debug|Any CPU.ActiveCfg = Debug|Any CPU
		{865A9AA5-60AC-440C-A41B-0208D73714B5}.Debug|Any CPU.Build.0 = Debug|Any CPU
		{865A9AA5-60AC-440C-A41B-0208D73714B5}.Release|Any CPU.ActiveCfg = Release|Any CPU
		{865A9AA5-60AC-440C-A41B-0208D73714B5}.Release|Any CPU.Build.0 = Release|Any CPU
		{D888D21E-412F-41E8-81A7-EC991AAECCED}.Debug|Any CPU.ActiveCfg = Debug|Any CPU
		{D888D21E-412F-41E8-81A7-EC991AAECCED}.Debug|Any CPU.Build.0 = Debug|Any CPU
		{D888D21E-412F-41E8-81A7-EC991AAECCED}.Release|Any CPU.ActiveCfg = Release|Any CPU
		{D888D21E-412F-41E8-81A7-EC991AAECCED}.Release|Any CPU.Build.0 = Release|Any CPU
		{0B00D2C3-B66E-49C0-9916-9216682D667A}.Debug|Any CPU.ActiveCfg = Debug|Any CPU
		{0B00D2C3-B66E-49C0-9916-9216682D667A}.Debug|Any CPU.Build.0 = Debug|Any CPU
		{0B00D2C3-B66E-49C0-9916-9216682D667A}.Release|Any CPU.ActiveCfg = Release|Any CPU
		{0B00D2C3-B66E-49C0-9916-9216682D667A}.Release|Any CPU.Build.0 = Release|Any CPU
		{0CB85E44-8F8C-4514-8992-DA093ACCE88C}.Debug|Any CPU.ActiveCfg = Debug|Any CPU
		{0CB85E44-8F8C-4514-8992-DA093ACCE88C}.Debug|Any CPU.Build.0 = Debug|Any CPU
		{0CB85E44-8F8C-4514-8992-DA093ACCE88C}.Release|Any CPU.ActiveCfg = Release|Any CPU
		{0CB85E44-8F8C-4514-8992-DA093ACCE88C}.Release|Any CPU.Build.0 = Release|Any CPU
		{980986A1-0468-428B-89A5-A9E252E0F79E}.Debug|Any CPU.ActiveCfg = Debug|Any CPU
		{980986A1-0468-428B-89A5-A9E252E0F79E}.Debug|Any CPU.Build.0 = Debug|Any CPU
		{980986A1-0468-428B-89A5-A9E252E0F79E}.Release|Any CPU.ActiveCfg = Release|Any CPU
		{980986A1-0468-428B-89A5-A9E252E0F79E}.Release|Any CPU.Build.0 = Release|Any CPU
		{7EA63755-D954-4135-9F36-E251FFA84E5B}.Debug|Any CPU.ActiveCfg = Debug|Any CPU
		{7EA63755-D954-4135-9F36-E251FFA84E5B}.Debug|Any CPU.Build.0 = Debug|Any CPU
		{7EA63755-D954-4135-9F36-E251FFA84E5B}.Release|Any CPU.ActiveCfg = Release|Any CPU
		{7EA63755-D954-4135-9F36-E251FFA84E5B}.Release|Any CPU.Build.0 = Release|Any CPU
		{0CDEF8E2-7EB8-4E0C-8CD4-7F704105C01D}.Debug|Any CPU.ActiveCfg = Debug|Any CPU
		{0CDEF8E2-7EB8-4E0C-8CD4-7F704105C01D}.Debug|Any CPU.Build.0 = Debug|Any CPU
		{0CDEF8E2-7EB8-4E0C-8CD4-7F704105C01D}.Release|Any CPU.ActiveCfg = Release|Any CPU
		{0CDEF8E2-7EB8-4E0C-8CD4-7F704105C01D}.Release|Any CPU.Build.0 = Release|Any CPU
		{E65D13C4-0402-48D3-996F-1AC986AF4472}.Debug|Any CPU.ActiveCfg = Debug|Any CPU
		{E65D13C4-0402-48D3-996F-1AC986AF4472}.Debug|Any CPU.Build.0 = Debug|Any CPU
		{E65D13C4-0402-48D3-996F-1AC986AF4472}.Release|Any CPU.ActiveCfg = Release|Any CPU
		{E65D13C4-0402-48D3-996F-1AC986AF4472}.Release|Any CPU.Build.0 = Release|Any CPU
		{2BA554A6-93E8-466D-985B-0E7D91EBE47B}.Debug|Any CPU.ActiveCfg = Debug|Any CPU
		{2BA554A6-93E8-466D-985B-0E7D91EBE47B}.Debug|Any CPU.Build.0 = Debug|Any CPU
		{2BA554A6-93E8-466D-985B-0E7D91EBE47B}.Release|Any CPU.ActiveCfg = Release|Any CPU
		{2BA554A6-93E8-466D-985B-0E7D91EBE47B}.Release|Any CPU.Build.0 = Release|Any CPU
		{E8EF8621-6209-47B4-87B6-DFDD185A79C5}.Debug|Any CPU.ActiveCfg = Debug|Any CPU
		{E8EF8621-6209-47B4-87B6-DFDD185A79C5}.Debug|Any CPU.Build.0 = Debug|Any CPU
		{E8EF8621-6209-47B4-87B6-DFDD185A79C5}.Release|Any CPU.ActiveCfg = Release|Any CPU
		{E8EF8621-6209-47B4-87B6-DFDD185A79C5}.Release|Any CPU.Build.0 = Release|Any CPU
		{FBA1DD25-F954-4134-8D6F-39457EF01BB9}.Debug|Any CPU.ActiveCfg = Debug|Any CPU
		{FBA1DD25-F954-4134-8D6F-39457EF01BB9}.Debug|Any CPU.Build.0 = Debug|Any CPU
		{FBA1DD25-F954-4134-8D6F-39457EF01BB9}.Release|Any CPU.ActiveCfg = Release|Any CPU
		{FBA1DD25-F954-4134-8D6F-39457EF01BB9}.Release|Any CPU.Build.0 = Release|Any CPU
		{63320C7D-9FE5-40B0-B073-49F493858A10}.Debug|Any CPU.ActiveCfg = Debug|Any CPU
		{63320C7D-9FE5-40B0-B073-49F493858A10}.Debug|Any CPU.Build.0 = Debug|Any CPU
		{63320C7D-9FE5-40B0-B073-49F493858A10}.Release|Any CPU.ActiveCfg = Release|Any CPU
		{63320C7D-9FE5-40B0-B073-49F493858A10}.Release|Any CPU.Build.0 = Release|Any CPU
		{9BB47F0E-DE19-4013-BCAB-98919EDEA792}.Debug|Any CPU.ActiveCfg = Debug|Any CPU
		{9BB47F0E-DE19-4013-BCAB-98919EDEA792}.Debug|Any CPU.Build.0 = Debug|Any CPU
		{9BB47F0E-DE19-4013-BCAB-98919EDEA792}.Release|Any CPU.ActiveCfg = Release|Any CPU
		{9BB47F0E-DE19-4013-BCAB-98919EDEA792}.Release|Any CPU.Build.0 = Release|Any CPU
		{EB000912-7A93-4AEA-BD4A-51E9000708C8}.Debug|Any CPU.ActiveCfg = Debug|Any CPU
		{EB000912-7A93-4AEA-BD4A-51E9000708C8}.Debug|Any CPU.Build.0 = Debug|Any CPU
		{EB000912-7A93-4AEA-BD4A-51E9000708C8}.Release|Any CPU.ActiveCfg = Release|Any CPU
		{EB000912-7A93-4AEA-BD4A-51E9000708C8}.Release|Any CPU.Build.0 = Release|Any CPU
	EndGlobalSection
	GlobalSection(SolutionProperties) = preSolution
		HideSolutionNode = FALSE
	EndGlobalSection
	GlobalSection(NestedProjects) = preSolution
		{6775D952-1439-44ED-A55D-F2A743AA8F8D} = {BE730E7E-12EE-434B-A346-8481365231C0}
		{6C735786-3DF7-4514-92D4-34785495FAE5} = {BE730E7E-12EE-434B-A346-8481365231C0}
		{117954CA-E563-4347-AC8B-C896E46AB8E7} = {BE730E7E-12EE-434B-A346-8481365231C0}
		{C82D033C-B4C8-4391-91B7-73F4E58912B0} = {E79BEE45-6369-43C5-9B3D-DC1D979DEBFD}
		{962E5DE7-E9F1-4E5E-AEE5-889CB3E61D5F} = {E79BEE45-6369-43C5-9B3D-DC1D979DEBFD}
		{264FB1BA-2865-40D0-B7DB-DBDA11EBED6C} = {E79BEE45-6369-43C5-9B3D-DC1D979DEBFD}
		{6DA1E971-1D7E-4687-9D80-8F9468772B87} = {21A7CF2B-79D4-4A69-B0F3-005DB8A7D664}
		{865A9AA5-60AC-440C-A41B-0208D73714B5} = {21A7CF2B-79D4-4A69-B0F3-005DB8A7D664}
		{D888D21E-412F-41E8-81A7-EC991AAECCED} = {21A7CF2B-79D4-4A69-B0F3-005DB8A7D664}
		{0B00D2C3-B66E-49C0-9916-9216682D667A} = {8E54E4F6-13D5-428D-B2C7-E51E5493250C}
		{0CB85E44-8F8C-4514-8992-DA093ACCE88C} = {8E54E4F6-13D5-428D-B2C7-E51E5493250C}
		{980986A1-0468-428B-89A5-A9E252E0F79E} = {8E54E4F6-13D5-428D-B2C7-E51E5493250C}
	EndGlobalSection
	GlobalSection(ExtensibilityGlobals) = postSolution
		SolutionGuid = {29624A6B-7100-42FF-9EEF-98986500DCAB}
	EndGlobalSection
EndGlobal
